// !$*UTF8*$!
{
	archiveVersion = 1;
	classes = {
	};
	objectVersion = 55;
	objects = {

/* Begin PBXBuildFile section */
		B27600F327906F7600221ECA /* AppDelegate.swift in Sources */ = {isa = PBXBuildFile; fileRef = B27600F227906F7600221ECA /* AppDelegate.swift */; };
		B27600F527906F7600221ECA /* SceneDelegate.swift in Sources */ = {isa = PBXBuildFile; fileRef = B27600F427906F7600221ECA /* SceneDelegate.swift */; };
		B27600FC27906F7900221ECA /* Assets.xcassets in Resources */ = {isa = PBXBuildFile; fileRef = B27600FB27906F7900221ECA /* Assets.xcassets */; };
		B27600FF27906F7900221ECA /* LaunchScreen.storyboard in Resources */ = {isa = PBXBuildFile; fileRef = B27600FD27906F7900221ECA /* LaunchScreen.storyboard */; };
		B276010727906FC700221ECA /* StretchyTableHeaderView.swift in Sources */ = {isa = PBXBuildFile; fileRef = B276010627906FC700221ECA /* StretchyTableHeaderView.swift */; };
		B27601092790928F00221ECA /* MovieDetailViewController.swift in Sources */ = {isa = PBXBuildFile; fileRef = B27601082790928F00221ECA /* MovieDetailViewController.swift */; };
		B27601142790BD5D00221ECA /* MovieDetailViewModel.swift in Sources */ = {isa = PBXBuildFile; fileRef = B27601132790BD5D00221ECA /* MovieDetailViewModel.swift */; };
		B27601162790BD6B00221ECA /* MovieDetailViewModelProtocol.swift in Sources */ = {isa = PBXBuildFile; fileRef = B27601152790BD6B00221ECA /* MovieDetailViewModelProtocol.swift */; };
		B27601182790C06F00221ECA /* MovieDetail.swift in Sources */ = {isa = PBXBuildFile; fileRef = B27601172790C06F00221ECA /* MovieDetail.swift */; };
		B276011A2790C07A00221ECA /* SimilarMovieDetail.swift in Sources */ = {isa = PBXBuildFile; fileRef = B27601192790C07A00221ECA /* SimilarMovieDetail.swift */; };
		B276011D2790C25800221ECA /* ApiService.swift in Sources */ = {isa = PBXBuildFile; fileRef = B276011C2790C25800221ECA /* ApiService.swift */; };
		B27601202790D70A00221ECA /* MovieCell.swift in Sources */ = {isa = PBXBuildFile; fileRef = B276011F2790D70A00221ECA /* MovieCell.swift */; };
		B27601252791B78E00221ECA /* GradientView.swift in Sources */ = {isa = PBXBuildFile; fileRef = B27601242791B78E00221ECA /* GradientView.swift */; };
		B27601272791C17600221ECA /* HeaderCell.swift in Sources */ = {isa = PBXBuildFile; fileRef = B27601262791C17600221ECA /* HeaderCell.swift */; };
		B276012B2792645C00221ECA /* MovieDetailView.swift in Sources */ = {isa = PBXBuildFile; fileRef = B276012A2792645C00221ECA /* MovieDetailView.swift */; };
		B276012E2794E6F600221ECA /* String+Extensios.swift in Sources */ = {isa = PBXBuildFile; fileRef = B276012D2794E6F500221ECA /* String+Extensios.swift */; };
		B27601302794E70400221ECA /* Double+Extensions.swift in Sources */ = {isa = PBXBuildFile; fileRef = B276012F2794E70400221ECA /* Double+Extensions.swift */; };
		B27601342794F7F900221ECA /* ApiImageView.swift in Sources */ = {isa = PBXBuildFile; fileRef = B27601332794F7F900221ECA /* ApiImageView.swift */; };
/* End PBXBuildFile section */

/* Begin PBXFileReference section */
		B27600EF27906F7600221ECA /* Mobile2YouChallenge.app */ = {isa = PBXFileReference; explicitFileType = wrapper.application; includeInIndex = 0; path = Mobile2YouChallenge.app; sourceTree = BUILT_PRODUCTS_DIR; };
		B27600F227906F7600221ECA /* AppDelegate.swift */ = {isa = PBXFileReference; lastKnownFileType = sourcecode.swift; path = AppDelegate.swift; sourceTree = "<group>"; };
		B27600F427906F7600221ECA /* SceneDelegate.swift */ = {isa = PBXFileReference; lastKnownFileType = sourcecode.swift; path = SceneDelegate.swift; sourceTree = "<group>"; };
		B27600FB27906F7900221ECA /* Assets.xcassets */ = {isa = PBXFileReference; lastKnownFileType = folder.assetcatalog; path = Assets.xcassets; sourceTree = "<group>"; };
		B27600FE27906F7900221ECA /* Base */ = {isa = PBXFileReference; lastKnownFileType = file.storyboard; name = Base; path = Base.lproj/LaunchScreen.storyboard; sourceTree = "<group>"; };
		B276010027906F7900221ECA /* Info.plist */ = {isa = PBXFileReference; lastKnownFileType = text.plist.xml; path = Info.plist; sourceTree = "<group>"; };
		B276010627906FC700221ECA /* StretchyTableHeaderView.swift */ = {isa = PBXFileReference; lastKnownFileType = sourcecode.swift; path = StretchyTableHeaderView.swift; sourceTree = "<group>"; };
		B27601082790928F00221ECA /* MovieDetailViewController.swift */ = {isa = PBXFileReference; lastKnownFileType = sourcecode.swift; path = MovieDetailViewController.swift; sourceTree = "<group>"; };
		B27601132790BD5D00221ECA /* MovieDetailViewModel.swift */ = {isa = PBXFileReference; lastKnownFileType = sourcecode.swift; path = MovieDetailViewModel.swift; sourceTree = "<group>"; };
		B27601152790BD6B00221ECA /* MovieDetailViewModelProtocol.swift */ = {isa = PBXFileReference; lastKnownFileType = sourcecode.swift; path = MovieDetailViewModelProtocol.swift; sourceTree = "<group>"; };
		B27601172790C06F00221ECA /* MovieDetail.swift */ = {isa = PBXFileReference; lastKnownFileType = sourcecode.swift; path = MovieDetail.swift; sourceTree = "<group>"; };
		B27601192790C07A00221ECA /* SimilarMovieDetail.swift */ = {isa = PBXFileReference; lastKnownFileType = sourcecode.swift; path = SimilarMovieDetail.swift; sourceTree = "<group>"; };
		B276011C2790C25800221ECA /* ApiService.swift */ = {isa = PBXFileReference; lastKnownFileType = sourcecode.swift; path = ApiService.swift; sourceTree = "<group>"; };
		B276011F2790D70A00221ECA /* MovieCell.swift */ = {isa = PBXFileReference; lastKnownFileType = sourcecode.swift; path = MovieCell.swift; sourceTree = "<group>"; };
		B27601242791B78E00221ECA /* GradientView.swift */ = {isa = PBXFileReference; lastKnownFileType = sourcecode.swift; path = GradientView.swift; sourceTree = "<group>"; };
		B27601262791C17600221ECA /* HeaderCell.swift */ = {isa = PBXFileReference; lastKnownFileType = sourcecode.swift; path = HeaderCell.swift; sourceTree = "<group>"; };
		B276012A2792645C00221ECA /* MovieDetailView.swift */ = {isa = PBXFileReference; lastKnownFileType = sourcecode.swift; path = MovieDetailView.swift; sourceTree = "<group>"; };
		B276012D2794E6F500221ECA /* String+Extensios.swift */ = {isa = PBXFileReference; lastKnownFileType = sourcecode.swift; path = "String+Extensios.swift"; sourceTree = "<group>"; };
		B276012F2794E70400221ECA /* Double+Extensions.swift */ = {isa = PBXFileReference; lastKnownFileType = sourcecode.swift; path = "Double+Extensions.swift"; sourceTree = "<group>"; };
		B27601332794F7F900221ECA /* ApiImageView.swift */ = {isa = PBXFileReference; lastKnownFileType = sourcecode.swift; path = ApiImageView.swift; sourceTree = "<group>"; };
/* End PBXFileReference section */

/* Begin PBXFrameworksBuildPhase section */
		B27600EC27906F7600221ECA /* Frameworks */ = {
			isa = PBXFrameworksBuildPhase;
			buildActionMask = 2147483647;
			files = (
			);
			runOnlyForDeploymentPostprocessing = 0;
		};
/* End PBXFrameworksBuildPhase section */

/* Begin PBXGroup section */
		B27600E627906F7600221ECA = {
			isa = PBXGroup;
			children = (
				B27600F127906F7600221ECA /* Mobile2YouChallenge */,
				B27600F027906F7600221ECA /* Products */,
			);
			sourceTree = "<group>";
		};
		B27600F027906F7600221ECA /* Products */ = {
			isa = PBXGroup;
			children = (
				B27600EF27906F7600221ECA /* Mobile2YouChallenge.app */,
			);
			name = Products;
			sourceTree = "<group>";
		};
		B27600F127906F7600221ECA /* Mobile2YouChallenge */ = {
			isa = PBXGroup;
			children = (
				B276010A2790934200221ECA /* Source */,
				B27600FB27906F7900221ECA /* Assets.xcassets */,
				B27600FD27906F7900221ECA /* LaunchScreen.storyboard */,
				B276010027906F7900221ECA /* Info.plist */,
			);
			path = Mobile2YouChallenge;
			sourceTree = "<group>";
		};
		B276010A2790934200221ECA /* Source */ = {
			isa = PBXGroup;
			children = (
				B27601112790939C00221ECA /* AppDelegate */,
				B2760112279093A600221ECA /* SceneDelegate */,
				B276010B2790934A00221ECA /* Application */,
			);
			path = Source;
			sourceTree = "<group>";
		};
		B276010B2790934A00221ECA /* Application */ = {
			isa = PBXGroup;
			children = (
				B276012C2794E6C200221ECA /* Common */,
				B27601232791B76B00221ECA /* UI Components */,
				B276011B2790C24800221ECA /* Service */,
				B276010C2790936000221ECA /* Scenes */,
			);
			path = Application;
			sourceTree = "<group>";
		};
		B276010C2790936000221ECA /* Scenes */ = {
			isa = PBXGroup;
			children = (
				B276010E2790937600221ECA /* MovieDetail */,
			);
			path = Scenes;
			sourceTree = "<group>";
		};
		B276010D2790936C00221ECA /* Model */ = {
			isa = PBXGroup;
			children = (
				B27601172790C06F00221ECA /* MovieDetail.swift */,
				B27601192790C07A00221ECA /* SimilarMovieDetail.swift */,
			);
			path = Model;
			sourceTree = "<group>";
		};
		B276010E2790937600221ECA /* MovieDetail */ = {
			isa = PBXGroup;
			children = (
				B27601102790939200221ECA /* ViewModel */,
				B276010F2790938700221ECA /* View */,
				B276010D2790936C00221ECA /* Model */,
			);
			path = MovieDetail;
			sourceTree = "<group>";
		};
		B276010F2790938700221ECA /* View */ = {
			isa = PBXGroup;
			children = (
				B27601212791A8AE00221ECA /* HeaderCell */,
				B276011E2790D6FB00221ECA /* MovieCell */,
				B27601082790928F00221ECA /* MovieDetailViewController.swift */,
				B276012A2792645C00221ECA /* MovieDetailView.swift */,
			);
			path = View;
			sourceTree = "<group>";
		};
		B27601102790939200221ECA /* ViewModel */ = {
			isa = PBXGroup;
			children = (
				B27601132790BD5D00221ECA /* MovieDetailViewModel.swift */,
				B27601152790BD6B00221ECA /* MovieDetailViewModelProtocol.swift */,
			);
			path = ViewModel;
			sourceTree = "<group>";
		};
		B27601112790939C00221ECA /* AppDelegate */ = {
			isa = PBXGroup;
			children = (
				B27600F227906F7600221ECA /* AppDelegate.swift */,
			);
			path = AppDelegate;
			sourceTree = "<group>";
		};
		B2760112279093A600221ECA /* SceneDelegate */ = {
			isa = PBXGroup;
			children = (
				B27600F427906F7600221ECA /* SceneDelegate.swift */,
			);
			path = SceneDelegate;
			sourceTree = "<group>";
		};
		B276011B2790C24800221ECA /* Service */ = {
			isa = PBXGroup;
			children = (
				B276011C2790C25800221ECA /* ApiService.swift */,
			);
			path = Service;
			sourceTree = "<group>";
		};
		B276011E2790D6FB00221ECA /* MovieCell */ = {
			isa = PBXGroup;
			children = (
				B276011F2790D70A00221ECA /* MovieCell.swift */,
			);
			path = MovieCell;
			sourceTree = "<group>";
		};
		B27601212791A8AE00221ECA /* HeaderCell */ = {
			isa = PBXGroup;
			children = (
				B27601262791C17600221ECA /* HeaderCell.swift */,
			);
			path = HeaderCell;
			sourceTree = "<group>";
		};
		B27601232791B76B00221ECA /* UI Components */ = {
			isa = PBXGroup;
			children = (
				B276010627906FC700221ECA /* StretchyTableHeaderView.swift */,
				B27601242791B78E00221ECA /* GradientView.swift */,
			);
			path = "UI Components";
			sourceTree = "<group>";
		};
		B276012C2794E6C200221ECA /* Common */ = {
			isa = PBXGroup;
			children = (
				B27601322794F7A200221ECA /* UI */,
				B27601312794F79700221ECA /* Extensions */,
			);
			path = Common;
			sourceTree = "<group>";
		};
		B27601312794F79700221ECA /* Extensions */ = {
			isa = PBXGroup;
			children = (
				B276012D2794E6F500221ECA /* String+Extensios.swift */,
				B276012F2794E70400221ECA /* Double+Extensions.swift */,
			);
			path = Extensions;
			sourceTree = "<group>";
		};
		B27601322794F7A200221ECA /* UI */ = {
			isa = PBXGroup;
			children = (
				B27601332794F7F900221ECA /* ApiImageView.swift */,
			);
			path = UI;
			sourceTree = "<group>";
		};
/* End PBXGroup section */

/* Begin PBXNativeTarget section */
		B27600EE27906F7600221ECA /* Mobile2YouChallenge */ = {
			isa = PBXNativeTarget;
			buildConfigurationList = B276010327906F7900221ECA /* Build configuration list for PBXNativeTarget "Mobile2YouChallenge" */;
			buildPhases = (
				B27600EB27906F7600221ECA /* Sources */,
				B27600EC27906F7600221ECA /* Frameworks */,
				B27600ED27906F7600221ECA /* Resources */,
			);
			buildRules = (
			);
			dependencies = (
			);
			name = Mobile2YouChallenge;
			productName = Mobile2YouChallenge;
			productReference = B27600EF27906F7600221ECA /* Mobile2YouChallenge.app */;
			productType = "com.apple.product-type.application";
		};
/* End PBXNativeTarget section */

/* Begin PBXProject section */
		B27600E727906F7600221ECA /* Project object */ = {
			isa = PBXProject;
			attributes = {
				BuildIndependentTargetsInParallel = 1;
				LastSwiftUpdateCheck = 1320;
				LastUpgradeCheck = 1320;
				TargetAttributes = {
					B27600EE27906F7600221ECA = {
						CreatedOnToolsVersion = 13.2.1;
					};
				};
			};
			buildConfigurationList = B27600EA27906F7600221ECA /* Build configuration list for PBXProject "Mobile2YouChallenge" */;
			compatibilityVersion = "Xcode 13.0";
			developmentRegion = en;
			hasScannedForEncodings = 0;
			knownRegions = (
				en,
				Base,
			);
			mainGroup = B27600E627906F7600221ECA;
			productRefGroup = B27600F027906F7600221ECA /* Products */;
			projectDirPath = "";
			projectRoot = "";
			targets = (
				B27600EE27906F7600221ECA /* Mobile2YouChallenge */,
			);
		};
/* End PBXProject section */

/* Begin PBXResourcesBuildPhase section */
		B27600ED27906F7600221ECA /* Resources */ = {
			isa = PBXResourcesBuildPhase;
			buildActionMask = 2147483647;
			files = (
				B27600FF27906F7900221ECA /* LaunchScreen.storyboard in Resources */,
				B27600FC27906F7900221ECA /* Assets.xcassets in Resources */,
			);
			runOnlyForDeploymentPostprocessing = 0;
		};
/* End PBXResourcesBuildPhase section */

/* Begin PBXSourcesBuildPhase section */
		B27600EB27906F7600221ECA /* Sources */ = {
			isa = PBXSourcesBuildPhase;
			buildActionMask = 2147483647;
			files = (
				B27601092790928F00221ECA /* MovieDetailViewController.swift in Sources */,
				B27601182790C06F00221ECA /* MovieDetail.swift in Sources */,
				B27601252791B78E00221ECA /* GradientView.swift in Sources */,
				B27601142790BD5D00221ECA /* MovieDetailViewModel.swift in Sources */,
				B27601272791C17600221ECA /* HeaderCell.swift in Sources */,
				B27601342794F7F900221ECA /* ApiImageView.swift in Sources */,
				B276010727906FC700221ECA /* StretchyTableHeaderView.swift in Sources */,
				B27600F327906F7600221ECA /* AppDelegate.swift in Sources */,
				B276012B2792645C00221ECA /* MovieDetailView.swift in Sources */,
				B276011D2790C25800221ECA /* ApiService.swift in Sources */,
				B27601302794E70400221ECA /* Double+Extensions.swift in Sources */,
				B27601162790BD6B00221ECA /* MovieDetailViewModelProtocol.swift in Sources */,
				B276011A2790C07A00221ECA /* SimilarMovieDetail.swift in Sources */,
				B276012E2794E6F600221ECA /* String+Extensios.swift in Sources */,
				B27601202790D70A00221ECA /* MovieCell.swift in Sources */,
				B27600F527906F7600221ECA /* SceneDelegate.swift in Sources */,
			);
			runOnlyForDeploymentPostprocessing = 0;
		};
/* End PBXSourcesBuildPhase section */

/* Begin PBXVariantGroup section */
		B27600FD27906F7900221ECA /* LaunchScreen.storyboard */ = {
			isa = PBXVariantGroup;
			children = (
				B27600FE27906F7900221ECA /* Base */,
			);
			name = LaunchScreen.storyboard;
			sourceTree = "<group>";
		};
/* End PBXVariantGroup section */

/* Begin XCBuildConfiguration section */
		B276010127906F7900221ECA /* Debug */ = {
			isa = XCBuildConfiguration;
			buildSettings = {
				ALWAYS_SEARCH_USER_PATHS = NO;
				CLANG_ANALYZER_NONNULL = YES;
				CLANG_ANALYZER_NUMBER_OBJECT_CONVERSION = YES_AGGRESSIVE;
				CLANG_CXX_LANGUAGE_STANDARD = "gnu++17";
				CLANG_CXX_LIBRARY = "libc++";
				CLANG_ENABLE_MODULES = YES;
				CLANG_ENABLE_OBJC_ARC = YES;
				CLANG_ENABLE_OBJC_WEAK = YES;
				CLANG_WARN_BLOCK_CAPTURE_AUTORELEASING = YES;
				CLANG_WARN_BOOL_CONVERSION = YES;
				CLANG_WARN_COMMA = YES;
				CLANG_WARN_CONSTANT_CONVERSION = YES;
				CLANG_WARN_DEPRECATED_OBJC_IMPLEMENTATIONS = YES;
				CLANG_WARN_DIRECT_OBJC_ISA_USAGE = YES_ERROR;
				CLANG_WARN_DOCUMENTATION_COMMENTS = YES;
				CLANG_WARN_EMPTY_BODY = YES;
				CLANG_WARN_ENUM_CONVERSION = YES;
				CLANG_WARN_INFINITE_RECURSION = YES;
				CLANG_WARN_INT_CONVERSION = YES;
				CLANG_WARN_NON_LITERAL_NULL_CONVERSION = YES;
				CLANG_WARN_OBJC_IMPLICIT_RETAIN_SELF = YES;
				CLANG_WARN_OBJC_LITERAL_CONVERSION = YES;
				CLANG_WARN_OBJC_ROOT_CLASS = YES_ERROR;
				CLANG_WARN_QUOTED_INCLUDE_IN_FRAMEWORK_HEADER = YES;
				CLANG_WARN_RANGE_LOOP_ANALYSIS = YES;
				CLANG_WARN_STRICT_PROTOTYPES = YES;
				CLANG_WARN_SUSPICIOUS_MOVE = YES;
				CLANG_WARN_UNGUARDED_AVAILABILITY = YES_AGGRESSIVE;
				CLANG_WARN_UNREACHABLE_CODE = YES;
				CLANG_WARN__DUPLICATE_METHOD_MATCH = YES;
				COPY_PHASE_STRIP = NO;
				DEBUG_INFORMATION_FORMAT = dwarf;
				ENABLE_STRICT_OBJC_MSGSEND = YES;
				ENABLE_TESTABILITY = YES;
				GCC_C_LANGUAGE_STANDARD = gnu11;
				GCC_DYNAMIC_NO_PIC = NO;
				GCC_NO_COMMON_BLOCKS = YES;
				GCC_OPTIMIZATION_LEVEL = 0;
				GCC_PREPROCESSOR_DEFINITIONS = (
					"DEBUG=1",
					"$(inherited)",
				);
				GCC_WARN_64_TO_32_BIT_CONVERSION = YES;
				GCC_WARN_ABOUT_RETURN_TYPE = YES_ERROR;
				GCC_WARN_UNDECLARED_SELECTOR = YES;
				GCC_WARN_UNINITIALIZED_AUTOS = YES_AGGRESSIVE;
				GCC_WARN_UNUSED_FUNCTION = YES;
				GCC_WARN_UNUSED_VARIABLE = YES;
				IPHONEOS_DEPLOYMENT_TARGET = 15.2;
				MTL_ENABLE_DEBUG_INFO = INCLUDE_SOURCE;
				MTL_FAST_MATH = YES;
				ONLY_ACTIVE_ARCH = YES;
				SDKROOT = iphoneos;
				SWIFT_ACTIVE_COMPILATION_CONDITIONS = DEBUG;
				SWIFT_OPTIMIZATION_LEVEL = "-Onone";
			};
			name = Debug;
		};
		B276010227906F7900221ECA /* Release */ = {
			isa = XCBuildConfiguration;
			buildSettings = {
				ALWAYS_SEARCH_USER_PATHS = NO;
				CLANG_ANALYZER_NONNULL = YES;
				CLANG_ANALYZER_NUMBER_OBJECT_CONVERSION = YES_AGGRESSIVE;
				CLANG_CXX_LANGUAGE_STANDARD = "gnu++17";
				CLANG_CXX_LIBRARY = "libc++";
				CLANG_ENABLE_MODULES = YES;
				CLANG_ENABLE_OBJC_ARC = YES;
				CLANG_ENABLE_OBJC_WEAK = YES;
				CLANG_WARN_BLOCK_CAPTURE_AUTORELEASING = YES;
				CLANG_WARN_BOOL_CONVERSION = YES;
				CLANG_WARN_COMMA = YES;
				CLANG_WARN_CONSTANT_CONVERSION = YES;
				CLANG_WARN_DEPRECATED_OBJC_IMPLEMENTATIONS = YES;
				CLANG_WARN_DIRECT_OBJC_ISA_USAGE = YES_ERROR;
				CLANG_WARN_DOCUMENTATION_COMMENTS = YES;
				CLANG_WARN_EMPTY_BODY = YES;
				CLANG_WARN_ENUM_CONVERSION = YES;
				CLANG_WARN_INFINITE_RECURSION = YES;
				CLANG_WARN_INT_CONVERSION = YES;
				CLANG_WARN_NON_LITERAL_NULL_CONVERSION = YES;
				CLANG_WARN_OBJC_IMPLICIT_RETAIN_SELF = YES;
				CLANG_WARN_OBJC_LITERAL_CONVERSION = YES;
				CLANG_WARN_OBJC_ROOT_CLASS = YES_ERROR;
				CLANG_WARN_QUOTED_INCLUDE_IN_FRAMEWORK_HEADER = YES;
				CLANG_WARN_RANGE_LOOP_ANALYSIS = YES;
				CLANG_WARN_STRICT_PROTOTYPES = YES;
				CLANG_WARN_SUSPICIOUS_MOVE = YES;
				CLANG_WARN_UNGUARDED_AVAILABILITY = YES_AGGRESSIVE;
				CLANG_WARN_UNREACHABLE_CODE = YES;
				CLANG_WARN__DUPLICATE_METHOD_MATCH = YES;
				COPY_PHASE_STRIP = NO;
				DEBUG_INFORMATION_FORMAT = "dwarf-with-dsym";
				ENABLE_NS_ASSERTIONS = NO;
				ENABLE_STRICT_OBJC_MSGSEND = YES;
				GCC_C_LANGUAGE_STANDARD = gnu11;
				GCC_NO_COMMON_BLOCKS = YES;
				GCC_WARN_64_TO_32_BIT_CONVERSION = YES;
				GCC_WARN_ABOUT_RETURN_TYPE = YES_ERROR;
				GCC_WARN_UNDECLARED_SELECTOR = YES;
				GCC_WARN_UNINITIALIZED_AUTOS = YES_AGGRESSIVE;
				GCC_WARN_UNUSED_FUNCTION = YES;
				GCC_WARN_UNUSED_VARIABLE = YES;
				IPHONEOS_DEPLOYMENT_TARGET = 15.2;
				MTL_ENABLE_DEBUG_INFO = NO;
				MTL_FAST_MATH = YES;
				SDKROOT = iphoneos;
				SWIFT_COMPILATION_MODE = wholemodule;
				SWIFT_OPTIMIZATION_LEVEL = "-O";
				VALIDATE_PRODUCT = YES;
			};
			name = Release;
		};
		B276010427906F7900221ECA /* Debug */ = {
			isa = XCBuildConfiguration;
			buildSettings = {
				ASSETCATALOG_COMPILER_APPICON_NAME = AppIcon;
				ASSETCATALOG_COMPILER_GLOBAL_ACCENT_COLOR_NAME = AccentColor;
				CODE_SIGN_STYLE = Automatic;
				CURRENT_PROJECT_VERSION = 1;
				DEVELOPMENT_TEAM = AZA2LHKU7Z;
				GENERATE_INFOPLIST_FILE = YES;
				INFOPLIST_FILE = Mobile2YouChallenge/Info.plist;
				INFOPLIST_KEY_UIApplicationSupportsIndirectInputEvents = YES;
				INFOPLIST_KEY_UILaunchStoryboardName = LaunchScreen;
				INFOPLIST_KEY_UISupportedInterfaceOrientations_iPad = "UIInterfaceOrientationPortrait UIInterfaceOrientationPortraitUpsideDown UIInterfaceOrientationLandscapeLeft UIInterfaceOrientationLandscapeRight";
				INFOPLIST_KEY_UISupportedInterfaceOrientations_iPhone = "UIInterfaceOrientationPortrait UIInterfaceOrientationLandscapeLeft UIInterfaceOrientationLandscapeRight";
				LD_RUNPATH_SEARCH_PATHS = (
					"$(inherited)",
					"@executable_path/Frameworks",
				);
				MARKETING_VERSION = 1.0;
				PRODUCT_BUNDLE_IDENTIFIER = br.com.guilermebarciki.Mobile2YouChallenge;
				PRODUCT_NAME = "$(TARGET_NAME)";
				SWIFT_EMIT_LOC_STRINGS = YES;
				SWIFT_VERSION = 5.0;
				TARGETED_DEVICE_FAMILY = "1,2";
			};
			name = Debug;
		};
		B276010527906F7900221ECA /* Release */ = {
			isa = XCBuildConfiguration;
			buildSettings = {
				ASSETCATALOG_COMPILER_APPICON_NAME = AppIcon;
				ASSETCATALOG_COMPILER_GLOBAL_ACCENT_COLOR_NAME = AccentColor;
				CODE_SIGN_STYLE = Automatic;
				CURRENT_PROJECT_VERSION = 1;
				DEVELOPMENT_TEAM = AZA2LHKU7Z;
				GENERATE_INFOPLIST_FILE = YES;
				INFOPLIST_FILE = Mobile2YouChallenge/Info.plist;
				INFOPLIST_KEY_UIApplicationSupportsIndirectInputEvents = YES;
				INFOPLIST_KEY_UILaunchStoryboardName = LaunchScreen;
				INFOPLIST_KEY_UISupportedInterfaceOrientations_iPad = "UIInterfaceOrientationPortrait UIInterfaceOrientationPortraitUpsideDown UIInterfaceOrientationLandscapeLeft UIInterfaceOrientationLandscapeRight";
				INFOPLIST_KEY_UISupportedInterfaceOrientations_iPhone = "UIInterfaceOrientationPortrait UIInterfaceOrientationLandscapeLeft UIInterfaceOrientationLandscapeRight";
				LD_RUNPATH_SEARCH_PATHS = (
					"$(inherited)",
					"@executable_path/Frameworks",
				);
				MARKETING_VERSION = 1.0;
				PRODUCT_BUNDLE_IDENTIFIER = br.com.guilermebarciki.Mobile2YouChallenge;
				PRODUCT_NAME = "$(TARGET_NAME)";
				SWIFT_EMIT_LOC_STRINGS = YES;
				SWIFT_VERSION = 5.0;
				TARGETED_DEVICE_FAMILY = "1,2";
			};
			name = Release;
		};
/* End XCBuildConfiguration section */

/* Begin XCConfigurationList section */
		B27600EA27906F7600221ECA /* Build configuration list for PBXProject "Mobile2YouChallenge" */ = {
			isa = XCConfigurationList;
			buildConfigurations = (
				B276010127906F7900221ECA /* Debug */,
				B276010227906F7900221ECA /* Release */,
			);
			defaultConfigurationIsVisible = 0;
			defaultConfigurationName = Release;
		};
		B276010327906F7900221ECA /* Build configuration list for PBXNativeTarget "Mobile2YouChallenge" */ = {
			isa = XCConfigurationList;
			buildConfigurations = (
				B276010427906F7900221ECA /* Debug */,
				B276010527906F7900221ECA /* Release */,
			);
			defaultConfigurationIsVisible = 0;
			defaultConfigurationName = Release;
		};
/* End XCConfigurationList section */
	};
	rootObject = B27600E727906F7600221ECA /* Project object */;
}
